
Microsoft Visual Studio Solution File, Format Version 12.00
# Visual Studio Version 16
VisualStudioVersion = 16.0.30611.23
MinimumVisualStudioVersion = 10.0.40219.1
Project("{FAE04EC0-301F-11D3-BF4B-00C04F79EFBC}") = "GUCera", "GUCera\GUCera.csproj", "{291DA67B-0C31-4D58-B086-DC9954B07CF1}"
EndProject
Global
	GlobalSection(SolutionConfigurationPlatforms) = preSolution
		Debug|Any CPU = Debug|Any CPU
		Release|Any CPU = Release|Any CPU
	EndGlobalSection
	GlobalSection(ProjectConfigurationPlatforms) = postSolution
		{291DA67B-0C31-4D58-B086-DC9954B07CF1}.Debug|Any CPU.ActiveCfg = Debug|Any CPU
		{291DA67B-0C31-4D58-B086-DC9954B07CF1}.Debug|Any CPU.Build.0 = Debug|Any CPU
		{291DA67B-0C31-4D58-B086-DC9954B07CF1}.Release|Any CPU.ActiveCfg = Release|Any CPU
		{291DA67B-0C31-4D58-B086-DC9954B07CF1}.Release|Any CPU.Build.0 = Release|Any CPU
	EndGlobalSection
	GlobalSection(SolutionProperties) = preSolution
		HideSolutionNode = FALSE
	EndGlobalSection
	GlobalSection(ExtensibilityGlobals) = postSolution
		SolutionGuid = {AEC601AE-12A4-4E7A-A9B9-1228FCCB39A5}
	EndGlobalSection
EndGlobal
